
Microsoft Visual Studio Solution File, Format Version 12.00
# Visual Studio Version 16
VisualStudioVersion = 16.0.31321.278
MinimumVisualStudioVersion = 10.0.40219.1
Project("{9A19103F-16F7-4668-BE54-9A1E7A4F7556}") = "SchoolAPI", "SchoolAPI\SchoolAPI.csproj", "{2BD85ABA-EEBF-4070-BDD7-230AC8B0B8D0}"
EndProject
Project("{9A19103F-16F7-4668-BE54-9A1E7A4F7556}") = "Contracts", "Contracts\Contracts.csproj", "{CD911136-A4DD-4428-AFA7-A36157286082}"
EndProject
Project("{9A19103F-16F7-4668-BE54-9A1E7A4F7556}") = "LoggerManager", "LoggerService\LoggerManager.csproj", "{6535035F-C946-46FF-83CA-B7889E1B9DD4}"
EndProject
Project("{FAE04EC0-301F-11D3-BF4B-00C04F79EFBC}") = "Entities", "Entities\Entities.csproj", "{947BBF8B-F32F-4268-A910-245D39A6496E}"
EndProject
Global
	GlobalSection(SolutionConfigurationPlatforms) = preSolution
		Debug|Any CPU = Debug|Any CPU
		Release|Any CPU = Release|Any CPU
	EndGlobalSection
	GlobalSection(ProjectConfigurationPlatforms) = postSolution
		{2BD85ABA-EEBF-4070-BDD7-230AC8B0B8D0}.Debug|Any CPU.ActiveCfg = Debug|Any CPU
		{2BD85ABA-EEBF-4070-BDD7-230AC8B0B8D0}.Debug|Any CPU.Build.0 = Debug|Any CPU
		{2BD85ABA-EEBF-4070-BDD7-230AC8B0B8D0}.Release|Any CPU.ActiveCfg = Release|Any CPU
		{2BD85ABA-EEBF-4070-BDD7-230AC8B0B8D0}.Release|Any CPU.Build.0 = Release|Any CPU
		{CD911136-A4DD-4428-AFA7-A36157286082}.Debug|Any CPU.ActiveCfg = Debug|Any CPU
		{CD911136-A4DD-4428-AFA7-A36157286082}.Debug|Any CPU.Build.0 = Debug|Any CPU
		{CD911136-A4DD-4428-AFA7-A36157286082}.Release|Any CPU.ActiveCfg = Release|Any CPU
		{CD911136-A4DD-4428-AFA7-A36157286082}.Release|Any CPU.Build.0 = Release|Any CPU
		{6535035F-C946-46FF-83CA-B7889E1B9DD4}.Debug|Any CPU.ActiveCfg = Debug|Any CPU
		{6535035F-C946-46FF-83CA-B7889E1B9DD4}.Debug|Any CPU.Build.0 = Debug|Any CPU
		{6535035F-C946-46FF-83CA-B7889E1B9DD4}.Release|Any CPU.ActiveCfg = Release|Any CPU
		{6535035F-C946-46FF-83CA-B7889E1B9DD4}.Release|Any CPU.Build.0 = Release|Any CPU
		{947BBF8B-F32F-4268-A910-245D39A6496E}.Debug|Any CPU.ActiveCfg = Debug|Any CPU
		{947BBF8B-F32F-4268-A910-245D39A6496E}.Debug|Any CPU.Build.0 = Debug|Any CPU
		{947BBF8B-F32F-4268-A910-245D39A6496E}.Release|Any CPU.ActiveCfg = Release|Any CPU
		{947BBF8B-F32F-4268-A910-245D39A6496E}.Release|Any CPU.Build.0 = Release|Any CPU
	EndGlobalSection
	GlobalSection(SolutionProperties) = preSolution
		HideSolutionNode = FALSE
	EndGlobalSection
	GlobalSection(ExtensibilityGlobals) = postSolution
		SolutionGuid = {13ED06D0-92CC-491C-ACE2-F917ED325ED7}
	EndGlobalSection
EndGlobal
